{
    "_readme": [
        "This file locks the dependencies of your project to a known state",
        "Read more about it at https://getcomposer.org/doc/01-basic-usage.md#installing-dependencies",
        "This file is @generated automatically"
    ],
    "content-hash": "720e5a33434c589260d19091d8043b62",
    "packages": [
        {
            "name": "evrpress/wp-updater",
            "version": "0.1.0",
            "source": {
                "type": "git",
                "url": "git@github.com:evrpress/wp-updater.git",
                "reference": "28c084d6d9d7c2535421d881b07f04fe3d65f63c"
            },
            "dist": {
                "type": "zip",
                "url": "https://api.github.com/repos/evrpress/wp-updater/zipball/28c084d6d9d7c2535421d881b07f04fe3d65f63c",
                "reference": "28c084d6d9d7c2535421d881b07f04fe3d65f63c",
                "shasum": ""
            },
            "type": "library",
            "autoload": {
                "files": [
                    "./WPUpdater.php"
                ]
            },
            "description": "A small helper for Wordpress plugins",
            "support": {
                "source": "https://github.com/evrpress/wp-updater/tree/0.1.0",
                "issues": "https://github.com/evrpress/wp-updater/issues"
            },
            "time": "2024-11-17T10:07:30+00:00"
        }
    ],
    "packages-dev": [],
    "aliases": [],
    "minimum-stability": "stable",
    "stability-flags": {},
    "prefer-stable": false,
    "prefer-lowest": false,
    "platform": {},
    "platform-dev": {},
    "plugin-api-version": "2.6.0"
}
